
Microsoft Visual Studio Solution File, Format Version 12.00
# Visual Studio Version 16
VisualStudioVersion = 16.0.32126.315
MinimumVisualStudioVersion = 10.0.40219.1
Project("{FAE04EC0-301F-11D3-BF4B-00C04F79EFBC}") = "Mustaqil ish", "Mustaqil ish\Mustaqil ish.csproj", "{E9C37B4B-F34E-467B-B7C3-5156FE43703F}"
EndProject
Global
	GlobalSection(SolutionConfigurationPlatforms) = preSolution
		Debug|Any CPU = Debug|Any CPU
		Release|Any CPU = Release|Any CPU
	EndGlobalSection
	GlobalSection(ProjectConfigurationPlatforms) = postSolution
		{E9C37B4B-F34E-467B-B7C3-5156FE43703F}.Debug|Any CPU.ActiveCfg = Debug|Any CPU
		{E9C37B4B-F34E-467B-B7C3-5156FE43703F}.Debug|Any CPU.Build.0 = Debug|Any CPU
		{E9C37B4B-F34E-467B-B7C3-5156FE43703F}.Release|Any CPU.ActiveCfg = Release|Any CPU
		{E9C37B4B-F34E-467B-B7C3-5156FE43703F}.Release|Any CPU.Build.0 = Release|Any CPU
	EndGlobalSection
	GlobalSection(SolutionProperties) = preSolution
		HideSolutionNode = FALSE
	EndGlobalSection
	GlobalSection(ExtensibilityGlobals) = postSolution
		SolutionGuid = {A0EE901C-7B61-42B2-9561-0F6AA6824C95}
	EndGlobalSection
EndGlobal
